// !$*UTF8*$!
{
	archiveVersion = 1;
	classes = {
	};
	objectVersion = 77;
	objects = {

/* Begin PBXContainerItemProxy section */
		2EF1467B2DBB5DD9009991E8 /* PBXContainerItemProxy */ = {
			isa = PBXContainerItemProxy;
			containerPortal = 2EF146622DBB5DD8009991E8 /* Project object */;
			proxyType = 1;
			remoteGlobalIDString = 2EF146692DBB5DD8009991E8;
			remoteInfo = ABBSapp;
		};
		2EF146852DBB5DD9009991E8 /* PBXContainerItemProxy */ = {
			isa = PBXContainerItemProxy;
			containerPortal = 2EF146622DBB5DD8009991E8 /* Project object */;
			proxyType = 1;
			remoteGlobalIDString = 2EF146692DBB5DD8009991E8;
			remoteInfo = ABBSapp;
		};
/* End PBXContainerItemProxy section */

/* Begin PBXFileReference section */
		2EF1466A2DBB5DD8009991E8 /* ABBSapp.app */ = {isa = PBXFileReference; explicitFileType = wrapper.application; includeInIndex = 0; path = ABBSapp.app; sourceTree = BUILT_PRODUCTS_DIR; };
		2EF1467A2DBB5DD9009991E8 /* ABBSappTests.xctest */ = {isa = PBXFileReference; explicitFileType = wrapper.cfbundle; includeInIndex = 0; path = ABBSappTests.xctest; sourceTree = BUILT_PRODUCTS_DIR; };
		2EF146842DBB5DD9009991E8 /* ABBSappUITests.xctest */ = {isa = PBXFileReference; explicitFileType = wrapper.cfbundle; includeInIndex = 0; path = ABBSappUITests.xctest; sourceTree = BUILT_PRODUCTS_DIR; };
/* End PBXFileReference section */

/* Begin PBXFileSystemSynchronizedRootGroup section */
		2EF1466C2DBB5DD8009991E8 /* ABBSapp */ = {
			isa = PBXFileSystemSynchronizedRootGroup;
			path = ABBSapp;
			sourceTree = "<group>";
		};
		2EF1467D2DBB5DD9009991E8 /* ABBSappTests */ = {
			isa = PBXFileSystemSynchronizedRootGroup;
			path = ABBSappTests;
			sourceTree = "<group>";
		};
		2EF146872DBB5DD9009991E8 /* ABBSappUITests */ = {
			isa = PBXFileSystemSynchronizedRootGroup;
			path = ABBSappUITests;
			sourceTree = "<group>";
		};
/* End PBXFileSystemSynchronizedRootGroup section */

/* Begin PBXFrameworksBuildPhase section */
		2EF146672DBB5DD8009991E8 /* Frameworks */ = {
			isa = PBXFrameworksBuildPhase;
			buildActionMask = 2147483647;
			files = (
			);
			runOnlyForDeploymentPostprocessing = 0;
		};
		2EF146772DBB5DD9009991E8 /* Frameworks */ = {
			isa = PBXFrameworksBuildPhase;
			buildActionMask = 2147483647;
			files = (
			);
			runOnlyForDeploymentPostprocessing = 0;
		};
		2EF146812DBB5DD9009991E8 /* Frameworks */ = {
			isa = PBXFrameworksBuildPhase;
			buildActionMask = 2147483647;
			files = (
			);
			runOnlyForDeploymentPostprocessing = 0;
		};
/* End PBXFrameworksBuildPhase section */

/* Begin PBXGroup section */
		2EF146612DBB5DD8009991E8 = {
			isa = PBXGroup;
			children = (
				2EF1466C2DBB5DD8009991E8 /* ABBSapp */,
				2EF1467D2DBB5DD9009991E8 /* ABBSappTests */,
				2EF146872DBB5DD9009991E8 /* ABBSappUITests */,
				2EF1466B2DBB5DD8009991E8 /* Products */,
			);
			sourceTree = "<group>";
		};
		2EF1466B2DBB5DD8009991E8 /* Products */ = {
			isa = PBXGroup;
			children = (
				2EF1466A2DBB5DD8009991E8 /* ABBSapp.app */,
				2EF1467A2DBB5DD9009991E8 /* ABBSappTests.xctest */,
				2EF146842DBB5DD9009991E8 /* ABBSappUITests.xctest */,
			);
			name = Products;
			sourceTree = "<group>";
		};
/* End PBXGroup section */

/* Begin PBXNativeTarget section */
		2EF146692DBB5DD8009991E8 /* ABBSapp */ = {
			isa = PBXNativeTarget;
			buildConfigurationList = 2EF1468E2DBB5DD9009991E8 /* Build configuration list for PBXNativeTarget "ABBSapp" */;
			buildPhases = (
				2EF146662DBB5DD8009991E8 /* Sources */,
				2EF146672DBB5DD8009991E8 /* Frameworks */,
				2EF146682DBB5DD8009991E8 /* Resources */,
			);
			buildRules = (
			);
			dependencies = (
			);
			fileSystemSynchronizedGroups = (
				2EF1466C2DBB5DD8009991E8 /* ABBSapp */,
			);
			name = ABBSapp;
			packageProductDependencies = (
			);
			productName = ABBSapp;
			productReference = 2EF1466A2DBB5DD8009991E8 /* ABBSapp.app */;
			productType = "com.apple.product-type.application";
		};
		2EF146792DBB5DD9009991E8 /* ABBSappTests */ = {
			isa = PBXNativeTarget;
			buildConfigurationList = 2EF146912DBB5DD9009991E8 /* Build configuration list for PBXNativeTarget "ABBSappTests" */;
			buildPhases = (
				2EF146762DBB5DD9009991E8 /* Sources */,
				2EF146772DBB5DD9009991E8 /* Frameworks */,
				2EF146782DBB5DD9009991E8 /* Resources */,
			);
			buildRules = (
			);
			dependencies = (
				2EF1467C2DBB5DD9009991E8 /* PBXTargetDependency */,
			);
			fileSystemSynchronizedGroups = (
				2EF1467D2DBB5DD9009991E8 /* ABBSappTests */,
			);
			name = ABBSappTests;
			packageProductDependencies = (
			);
			productName = ABBSappTests;
			productReference = 2EF1467A2DBB5DD9009991E8 /* ABBSappTests.xctest */;
			productType = "com.apple.product-type.bundle.unit-test";
		};
		2EF146832DBB5DD9009991E8 /* ABBSappUITests */ = {
			isa = PBXNativeTarget;
			buildConfigurationList = 2EF146942DBB5DD9009991E8 /* Build configuration list for PBXNativeTarget "ABBSappUITests" */;
			buildPhases = (
				2EF146802DBB5DD9009991E8 /* Sources */,
				2EF146812DBB5DD9009991E8 /* Frameworks */,
				2EF146822DBB5DD9009991E8 /* Resources */,
			);
			buildRules = (
			);
			dependencies = (
				2EF146862DBB5DD9009991E8 /* PBXTargetDependency */,
			);
			fileSystemSynchronizedGroups = (
				2EF146872DBB5DD9009991E8 /* ABBSappUITests */,
			);
			name = ABBSappUITests;
			packageProductDependencies = (
			);
			productName = ABBSappUITests;
			productReference = 2EF146842DBB5DD9009991E8 /* ABBSappUITests.xctest */;
			productType = "com.apple.product-type.bundle.ui-testing";
		};
/* End PBXNativeTarget section */

/* Begin PBXProject section */
		2EF146622DBB5DD8009991E8 /* Project object */ = {
			isa = PBXProject;
			attributes = {
				BuildIndependentTargetsInParallel = 1;
				LastSwiftUpdateCheck = 1620;
				LastUpgradeCheck = 1620;
				TargetAttributes = {
					2EF146692DBB5DD8009991E8 = {
						CreatedOnToolsVersion = 16.2;
					};
					2EF146792DBB5DD9009991E8 = {
						CreatedOnToolsVersion = 16.2;
						TestTargetID = 2EF146692DBB5DD8009991E8;
					};
					2EF146832DBB5DD9009991E8 = {
						CreatedOnToolsVersion = 16.2;
						TestTargetID = 2EF146692DBB5DD8009991E8;
					};
				};
			};
			buildConfigurationList = 2EF146652DBB5DD8009991E8 /* Build configuration list for PBXProject "ABBSapp" */;
			developmentRegion = en;
			hasScannedForEncodings = 0;
			knownRegions = (
				en,
				Base,
			);
			mainGroup = 2EF146612DBB5DD8009991E8;
			minimizedProjectReferenceProxies = 1;
			preferredProjectObjectVersion = 77;
			productRefGroup = 2EF1466B2DBB5DD8009991E8 /* Products */;
			projectDirPath = "";
			projectRoot = "";
			targets = (
				2EF146692DBB5DD8009991E8 /* ABBSapp */,
				2EF146792DBB5DD9009991E8 /* ABBSappTests */,
				2EF146832DBB5DD9009991E8 /* ABBSappUITests */,
			);
		};
/* End PBXProject section */

/* Begin PBXResourcesBuildPhase section */
		2EF146682DBB5DD8009991E8 /* Resources */ = {
			isa = PBXResourcesBuildPhase;
			buildActionMask = 2147483647;
			files = (
			);
			runOnlyForDeploymentPostprocessing = 0;
		};
		2EF146782DBB5DD9009991E8 /* Resources */ = {
			isa = PBXResourcesBuildPhase;
			buildActionMask = 2147483647;
			files = (
			);
			runOnlyForDeploymentPostprocessing = 0;
		};
		2EF146822DBB5DD9009991E8 /* Resources */ = {
			isa = PBXResourcesBuildPhase;
			buildActionMask = 2147483647;
			files = (
			);
			runOnlyForDeploymentPostprocessing = 0;
		};
/* End PBXResourcesBuildPhase section */

/* Begin PBXSourcesBuildPhase section */
		2EF146662DBB5DD8009991E8 /* Sources */ = {
			isa = PBXSourcesBuildPhase;
			buildActionMask = 2147483647;
			files = (
			);
			runOnlyForDeploymentPostprocessing = 0;
		};
		2EF146762DBB5DD9009991E8 /* Sources */ = {
			isa = PBXSourcesBuildPhase;
			buildActionMask = 2147483647;
			files = (
			);
			runOnlyForDeploymentPostprocessing = 0;
		};
		2EF146802DBB5DD9009991E8 /* Sources */ = {
			isa = PBXSourcesBuildPhase;
			buildActionMask = 2147483647;
			files = (
			);
			runOnlyForDeploymentPostprocessing = 0;
		};
/* End PBXSourcesBuildPhase section */

/* Begin PBXTargetDependency section */
		2EF1467C2DBB5DD9009991E8 /* PBXTargetDependency */ = {
			isa = PBXTargetDependency;
			target = 2EF146692DBB5DD8009991E8 /* ABBSapp */;
			targetProxy = 2EF1467B2DBB5DD9009991E8 /* PBXContainerItemProxy */;
		};
		2EF146862DBB5DD9009991E8 /* PBXTargetDependency */ = {
			isa = PBXTargetDependency;
			target = 2EF146692DBB5DD8009991E8 /* ABBSapp */;
			targetProxy = 2EF146852DBB5DD9009991E8 /* PBXContainerItemProxy */;
		};
/* End PBXTargetDependency section */

/* Begin XCBuildConfiguration section */
		2EF1468C2DBB5DD9009991E8 /* Debug */ = {
			isa = XCBuildConfiguration;
			buildSettings = {
				ALWAYS_SEARCH_USER_PATHS = NO;
				ASSETCATALOG_COMPILER_GENERATE_SWIFT_ASSET_SYMBOL_EXTENSIONS = YES;
				CLANG_ANALYZER_NONNULL = YES;
				CLANG_ANALYZER_NUMBER_OBJECT_CONVERSION = YES_AGGRESSIVE;
				CLANG_CXX_LANGUAGE_STANDARD = "gnu++20";
				CLANG_ENABLE_MODULES = YES;
				CLANG_ENABLE_OBJC_ARC = YES;
				CLANG_ENABLE_OBJC_WEAK = YES;
				CLANG_WARN_BLOCK_CAPTURE_AUTORELEASING = YES;
				CLANG_WARN_BOOL_CONVERSION = YES;
				CLANG_WARN_COMMA = YES;
				CLANG_WARN_CONSTANT_CONVERSION = YES;
				CLANG_WARN_DEPRECATED_OBJC_IMPLEMENTATIONS = YES;
				CLANG_WARN_DIRECT_OBJC_ISA_USAGE = YES_ERROR;
				CLANG_WARN_DOCUMENTATION_COMMENTS = YES;
				CLANG_WARN_EMPTY_BODY = YES;
				CLANG_WARN_ENUM_CONVERSION = YES;
				CLANG_WARN_INFINITE_RECURSION = YES;
				CLANG_WARN_INT_CONVERSION = YES;
				CLANG_WARN_NON_LITERAL_NULL_CONVERSION = YES;
				CLANG_WARN_OBJC_IMPLICIT_RETAIN_SELF = YES;
				CLANG_WARN_OBJC_LITERAL_CONVERSION = YES;
				CLANG_WARN_OBJC_ROOT_CLASS = YES_ERROR;
				CLANG_WARN_QUOTED_INCLUDE_IN_FRAMEWORK_HEADER = YES;
				CLANG_WARN_RANGE_LOOP_ANALYSIS = YES;
				CLANG_WARN_STRICT_PROTOTYPES = YES;
				CLANG_WARN_SUSPICIOUS_MOVE = YES;
				CLANG_WARN_UNGUARDED_AVAILABILITY = YES_AGGRESSIVE;
				CLANG_WARN_UNREACHABLE_CODE = YES;
				CLANG_WARN__DUPLICATE_METHOD_MATCH = YES;
				COPY_PHASE_STRIP = NO;
				DEBUG_INFORMATION_FORMAT = dwarf;
				ENABLE_STRICT_OBJC_MSGSEND = YES;
				ENABLE_TESTABILITY = YES;
				ENABLE_USER_SCRIPT_SANDBOXING = YES;
				GCC_C_LANGUAGE_STANDARD = gnu17;
				GCC_DYNAMIC_NO_PIC = NO;
				GCC_NO_COMMON_BLOCKS = YES;
				GCC_OPTIMIZATION_LEVEL = 0;
				GCC_PREPROCESSOR_DEFINITIONS = (
					"DEBUG=1",
					"$(inherited)",
				);
				GCC_WARN_64_TO_32_BIT_CONVERSION = YES;
				GCC_WARN_ABOUT_RETURN_TYPE = YES_ERROR;
				GCC_WARN_UNDECLARED_SELECTOR = YES;
				GCC_WARN_UNINITIALIZED_AUTOS = YES_AGGRESSIVE;
				GCC_WARN_UNUSED_FUNCTION = YES;
				GCC_WARN_UNUSED_VARIABLE = YES;
				IPHONEOS_DEPLOYMENT_TARGET = 18.2;
				LOCALIZATION_PREFERS_STRING_CATALOGS = YES;
				MTL_ENABLE_DEBUG_INFO = INCLUDE_SOURCE;
				MTL_FAST_MATH = YES;
				ONLY_ACTIVE_ARCH = YES;
				SDKROOT = iphoneos;
				SWIFT_ACTIVE_COMPILATION_CONDITIONS = "DEBUG $(inherited)";
				SWIFT_OPTIMIZATION_LEVEL = "-Onone";
			};
			name = Debug;
		};
		2EF1468D2DBB5DD9009991E8 /* Release */ = {
			isa = XCBuildConfiguration;
			buildSettings = {
				ALWAYS_SEARCH_USER_PATHS = NO;
				ASSETCATALOG_COMPILER_GENERATE_SWIFT_ASSET_SYMBOL_EXTENSIONS = YES;
				CLANG_ANALYZER_NONNULL = YES;
				CLANG_ANALYZER_NUMBER_OBJECT_CONVERSION = YES_AGGRESSIVE;
				CLANG_CXX_LANGUAGE_STANDARD = "gnu++20";
				CLANG_ENABLE_MODULES = YES;
				CLANG_ENABLE_OBJC_ARC = YES;
				CLANG_ENABLE_OBJC_WEAK = YES;
				CLANG_WARN_BLOCK_CAPTURE_AUTORELEASING = YES;
				CLANG_WARN_BOOL_CONVERSION = YES;
				CLANG_WARN_COMMA = YES;
				CLANG_WARN_CONSTANT_CONVERSION = YES;
				CLANG_WARN_DEPRECATED_OBJC_IMPLEMENTATIONS = YES;
				CLANG_WARN_DIRECT_OBJC_ISA_USAGE = YES_ERROR;
				CLANG_WARN_DOCUMENTATION_COMMENTS = YES;
				CLANG_WARN_EMPTY_BODY = YES;
				CLANG_WARN_ENUM_CONVERSION = YES;
				CLANG_WARN_INFINITE_RECURSION = YES;
				CLANG_WARN_INT_CONVERSION = YES;
				CLANG_WARN_NON_LITERAL_NULL_CONVERSION = YES;
				CLANG_WARN_OBJC_IMPLICIT_RETAIN_SELF = YES;
				CLANG_WARN_OBJC_LITERAL_CONVERSION = YES;
				CLANG_WARN_OBJC_ROOT_CLASS = YES_ERROR;
				CLANG_WARN_QUOTED_INCLUDE_IN_FRAMEWORK_HEADER = YES;
				CLANG_WARN_RANGE_LOOP_ANALYSIS = YES;
				CLANG_WARN_STRICT_PROTOTYPES = YES;
				CLANG_WARN_SUSPICIOUS_MOVE = YES;
				CLANG_WARN_UNGUARDED_AVAILABILITY = YES_AGGRESSIVE;
				CLANG_WARN_UNREACHABLE_CODE = YES;
				CLANG_WARN__DUPLICATE_METHOD_MATCH = YES;
				COPY_PHASE_STRIP = NO;
				DEBUG_INFORMATION_FORMAT = "dwarf-with-dsym";
				ENABLE_NS_ASSERTIONS = NO;
				ENABLE_STRICT_OBJC_MSGSEND = YES;
				ENABLE_USER_SCRIPT_SANDBOXING = YES;
				GCC_C_LANGUAGE_STANDARD = gnu17;
				GCC_NO_COMMON_BLOCKS = YES;
				GCC_WARN_64_TO_32_BIT_CONVERSION = YES;
				GCC_WARN_ABOUT_RETURN_TYPE = YES_ERROR;
				GCC_WARN_UNDECLARED_SELECTOR = YES;
				GCC_WARN_UNINITIALIZED_AUTOS = YES_AGGRESSIVE;
				GCC_WARN_UNUSED_FUNCTION = YES;
				GCC_WARN_UNUSED_VARIABLE = YES;
				IPHONEOS_DEPLOYMENT_TARGET = 18.2;
				LOCALIZATION_PREFERS_STRING_CATALOGS = YES;
				MTL_ENABLE_DEBUG_INFO = NO;
				MTL_FAST_MATH = YES;
				SDKROOT = iphoneos;
				SWIFT_COMPILATION_MODE = wholemodule;
				VALIDATE_PRODUCT = YES;
			};
			name = Release;
		};
		2EF1468F2DBB5DD9009991E8 /* Debug */ = {
			isa = XCBuildConfiguration;
			buildSettings = {
				ASSETCATALOG_COMPILER_APPICON_NAME = AppIcon;
				ASSETCATALOG_COMPILER_GLOBAL_ACCENT_COLOR_NAME = AccentColor;
				CODE_SIGN_STYLE = Automatic;
				CURRENT_PROJECT_VERSION = 1;
				DEVELOPMENT_ASSET_PATHS = "\"ABBSapp/Preview Content\"";
				ENABLE_PREVIEWS = YES;
				GENERATE_INFOPLIST_FILE = YES;
				INFOPLIST_KEY_UIApplicationSceneManifest_Generation = YES;
				INFOPLIST_KEY_UIApplicationSupportsIndirectInputEvents = YES;
				INFOPLIST_KEY_UILaunchScreen_Generation = YES;
				INFOPLIST_KEY_UISupportedInterfaceOrientations_iPad = "UIInterfaceOrientationPortrait UIInterfaceOrientationPortraitUpsideDown UIInterfaceOrientationLandscapeLeft UIInterfaceOrientationLandscapeRight";
				INFOPLIST_KEY_UISupportedInterfaceOrientations_iPhone = "UIInterfaceOrientationPortrait UIInterfaceOrientationLandscapeLeft UIInterfaceOrientationLandscapeRight";
				LD_RUNPATH_SEARCH_PATHS = (
					"$(inherited)",
					"@executable_path/Frameworks",
				);
				MARKETING_VERSION = 1.0;
				PRODUCT_BUNDLE_IDENTIFIER = CS.ABBSapp;
				PRODUCT_NAME = "$(TARGET_NAME)";
				SWIFT_EMIT_LOC_STRINGS = YES;
				SWIFT_VERSION = 5.0;
				TARGETED_DEVICE_FAMILY = "1,2";
			};
			name = Debug;
		};
		2EF146902DBB5DD9009991E8 /* Release */ = {
			isa = XCBuildConfiguration;
			buildSettings = {
				ASSETCATALOG_COMPILER_APPICON_NAME = AppIcon;
				ASSETCATALOG_COMPILER_GLOBAL_ACCENT_COLOR_NAME = AccentColor;
				CODE_SIGN_STYLE = Automatic;
				CURRENT_PROJECT_VERSION = 1;
				DEVELOPMENT_ASSET_PATHS = "\"ABBSapp/Preview Content\"";
				ENABLE_PREVIEWS = YES;
				GENERATE_INFOPLIST_FILE = YES;
				INFOPLIST_KEY_UIApplicationSceneManifest_Generation = YES;
				INFOPLIST_KEY_UIApplicationSupportsIndirectInputEvents = YES;
				INFOPLIST_KEY_UILaunchScreen_Generation = YES;
				INFOPLIST_KEY_UISupportedInterfaceOrientations_iPad = "UIInterfaceOrientationPortrait UIInterfaceOrientationPortraitUpsideDown UIInterfaceOrientationLandscapeLeft UIInterfaceOrientationLandscapeRight";
				INFOPLIST_KEY_UISupportedInterfaceOrientations_iPhone = "UIInterfaceOrientationPortrait UIInterfaceOrientationLandscapeLeft UIInterfaceOrientationLandscapeRight";
				LD_RUNPATH_SEARCH_PATHS = (
					"$(inherited)",
					"@executable_path/Frameworks",
				);
				MARKETING_VERSION = 1.0;
				PRODUCT_BUNDLE_IDENTIFIER = CS.ABBSapp;
				PRODUCT_NAME = "$(TARGET_NAME)";
				SWIFT_EMIT_LOC_STRINGS = YES;
				SWIFT_VERSION = 5.0;
				TARGETED_DEVICE_FAMILY = "1,2";
			};
			name = Release;
		};
		2EF146922DBB5DD9009991E8 /* Debug */ = {
			isa = XCBuildConfiguration;
			buildSettings = {
				BUNDLE_LOADER = "$(TEST_HOST)";
				CODE_SIGN_STYLE = Automatic;
				CURRENT_PROJECT_VERSION = 1;
				GENERATE_INFOPLIST_FILE = YES;
				IPHONEOS_DEPLOYMENT_TARGET = 18.2;
				MARKETING_VERSION = 1.0;
				PRODUCT_BUNDLE_IDENTIFIER = CS.ABBSappTests;
				PRODUCT_NAME = "$(TARGET_NAME)";
				SWIFT_EMIT_LOC_STRINGS = NO;
				SWIFT_VERSION = 5.0;
				TARGETED_DEVICE_FAMILY = "1,2";
				TEST_HOST = "$(BUILT_PRODUCTS_DIR)/ABBSapp.app/$(BUNDLE_EXECUTABLE_FOLDER_PATH)/ABBSapp";
			};
			name = Debug;
		};
		2EF146932DBB5DD9009991E8 /* Release */ = {
			isa = XCBuildConfiguration;
			buildSettings = {
				BUNDLE_LOADER = "$(TEST_HOST)";
				CODE_SIGN_STYLE = Automatic;
				CURRENT_PROJECT_VERSION = 1;
				GENERATE_INFOPLIST_FILE = YES;
				IPHONEOS_DEPLOYMENT_TARGET = 18.2;
				MARKETING_VERSION = 1.0;
				PRODUCT_BUNDLE_IDENTIFIER = CS.ABBSappTests;
				PRODUCT_NAME = "$(TARGET_NAME)";
				SWIFT_EMIT_LOC_STRINGS = NO;
				SWIFT_VERSION = 5.0;
				TARGETED_DEVICE_FAMILY = "1,2";
				TEST_HOST = "$(BUILT_PRODUCTS_DIR)/ABBSapp.app/$(BUNDLE_EXECUTABLE_FOLDER_PATH)/ABBSapp";
			};
			name = Release;
		};
		2EF146952DBB5DD9009991E8 /* Debug */ = {
			isa = XCBuildConfiguration;
			buildSettings = {
				CODE_SIGN_STYLE = Automatic;
				CURRENT_PROJECT_VERSION = 1;
				GENERATE_INFOPLIST_FILE = YES;
				MARKETING_VERSION = 1.0;
				PRODUCT_BUNDLE_IDENTIFIER = CS.ABBSappUITests;
				PRODUCT_NAME = "$(TARGET_NAME)";
				SWIFT_EMIT_LOC_STRINGS = NO;
				SWIFT_VERSION = 5.0;
				TARGETED_DEVICE_FAMILY = "1,2";
				TEST_TARGET_NAME = ABBSapp;
			};
			name = Debug;
		};
		2EF146962DBB5DD9009991E8 /* Release */ = {
			isa = XCBuildConfiguration;
			buildSettings = {
				CODE_SIGN_STYLE = Automatic;
				CURRENT_PROJECT_VERSION = 1;
				GENERATE_INFOPLIST_FILE = YES;
				MARKETING_VERSION = 1.0;
				PRODUCT_BUNDLE_IDENTIFIER = CS.ABBSappUITests;
				PRODUCT_NAME = "$(TARGET_NAME)";
				SWIFT_EMIT_LOC_STRINGS = NO;
				SWIFT_VERSION = 5.0;
				TARGETED_DEVICE_FAMILY = "1,2";
				TEST_TARGET_NAME = ABBSapp;
			};
			name = Release;
		};
/* End XCBuildConfiguration section */

/* Begin XCConfigurationList section */
		2EF146652DBB5DD8009991E8 /* Build configuration list for PBXProject "ABBSapp" */ = {
			isa = XCConfigurationList;
			buildConfigurations = (
				2EF1468C2DBB5DD9009991E8 /* Debug */,
				2EF1468D2DBB5DD9009991E8 /* Release */,
			);
			defaultConfigurationIsVisible = 0;
			defaultConfigurationName = Release;
		};
		2EF1468E2DBB5DD9009991E8 /* Build configuration list for PBXNativeTarget "ABBSapp" */ = {
			isa = XCConfigurationList;
			buildConfigurations = (
				2EF1468F2DBB5DD9009991E8 /* Debug */,
				2EF146902DBB5DD9009991E8 /* Release */,
			);
			defaultConfigurationIsVisible = 0;
			defaultConfigurationName = Release;
		};
		2EF146912DBB5DD9009991E8 /* Build configuration list for PBXNativeTarget "ABBSappTests" */ = {
			isa = XCConfigurationList;
			buildConfigurations = (
				2EF146922DBB5DD9009991E8 /* Debug */,
				2EF146932DBB5DD9009991E8 /* Release */,
			);
			defaultConfigurationIsVisible = 0;
			defaultConfigurationName = Release;
		};
		2EF146942DBB5DD9009991E8 /* Build configuration list for PBXNativeTarget "ABBSappUITests" */ = {
			isa = XCConfigurationList;
			buildConfigurations = (
				2EF146952DBB5DD9009991E8 /* Debug */,
				2EF146962DBB5DD9009991E8 /* Release */,
			);
			defaultConfigurationIsVisible = 0;
			defaultConfigurationName = Release;
		};
/* End XCConfigurationList section */
	};
	rootObject = 2EF146622DBB5DD8009991E8 /* Project object */;
}
